// !$*UTF8*$!
{
	archiveVersion = 1;
	classes = {
	};
	objectVersion = 46;
	objects = {

/* Begin PBXBuildFile section */
		0A97E7189C907127F4057D0D /* Pods_PremiumCar.framework in Frameworks */ = {isa = PBXBuildFile; fileRef = 1C338FA6DCE34C6BDD9DEF5E /* Pods_PremiumCar.framework */; };
		25120B911DC08F26000F506F /* CarBrandsVC.swift in Sources */ = {isa = PBXBuildFile; fileRef = 25120B901DC08F26000F506F /* CarBrandsVC.swift */; };
		254C6A671DBDDD5C00C0B80F /* LoginViewController.swift in Sources */ = {isa = PBXBuildFile; fileRef = 254C6A661DBDDD5C00C0B80F /* LoginViewController.swift */; };
		258C973B1DD5A26C0070D501 /* SuggestionVC.swift in Sources */ = {isa = PBXBuildFile; fileRef = 258C973A1DD5A26C0070D501 /* SuggestionVC.swift */; };
		258C973D1DDAE8880070D501 /* TZTabBarController.swift in Sources */ = {isa = PBXBuildFile; fileRef = 258C973C1DDAE8880070D501 /* TZTabBarController.swift */; };
		258C973F1DDAE97A0070D501 /* NewsViewController.swift in Sources */ = {isa = PBXBuildFile; fileRef = 258C973E1DDAE97A0070D501 /* NewsViewController.swift */; };
		258C97411DDAEBA60070D501 /* MineViewController.swift in Sources */ = {isa = PBXBuildFile; fileRef = 258C97401DDAEBA60070D501 /* MineViewController.swift */; };
		258C97431DDAEF520070D501 /* TZNavigationController.swift in Sources */ = {isa = PBXBuildFile; fileRef = 258C97421DDAEF520070D501 /* TZNavigationController.swift */; };
		258C97451DDC0A340070D501 /* ServiceViewController.swift in Sources */ = {isa = PBXBuildFile; fileRef = 258C97441DDC0A340070D501 /* ServiceViewController.swift */; };
		258C97471DDC3B360070D501 /* MyCarViewController.swift in Sources */ = {isa = PBXBuildFile; fileRef = 258C97461DDC3B360070D501 /* MyCarViewController.swift */; };
		2590CF491DBE14320039D62A /* RegisterVC.swift in Sources */ = {isa = PBXBuildFile; fileRef = 2590CF481DBE14320039D62A /* RegisterVC.swift */; };
		2590CF511DBF0C390039D62A /* TimeButton.m in Sources */ = {isa = PBXBuildFile; fileRef = 2590CF501DBF0C390039D62A /* TimeButton.m */; };
		2590CF561DBF59590039D62A /* PersonalInfoVC.swift in Sources */ = {isa = PBXBuildFile; fileRef = 2590CF551DBF59590039D62A /* PersonalInfoVC.swift */; };
		259486C31DC88E51008A405A /* CarModel.swift in Sources */ = {isa = PBXBuildFile; fileRef = 259486C21DC88E51008A405A /* CarModel.swift */; };
		259960431DC737F70001444F /* CarTModel.swift in Sources */ = {isa = PBXBuildFile; fileRef = 259960421DC737F70001444F /* CarTModel.swift */; };
		25BFB9731DC3278D0016150E /* TZNetworkTool.swift in Sources */ = {isa = PBXBuildFile; fileRef = 25BFB9721DC3278D0016150E /* TZNetworkTool.swift */; };
		25BFB9751DC33ECF0016150E /* UserData.swift in Sources */ = {isa = PBXBuildFile; fileRef = 25BFB9741DC33ECF0016150E /* UserData.swift */; };
		25C5D9491DFA63540029C908 /* MapLocationViewController.swift in Sources */ = {isa = PBXBuildFile; fileRef = 25C5D9481DFA63540029C908 /* MapLocationViewController.swift */; };
		A838FC431DDAFBF50025C2E5 /* MyOrderCell.swift in Sources */ = {isa = PBXBuildFile; fileRef = A838FC421DDAFBF50025C2E5 /* MyOrderCell.swift */; };
		A838FC481DDB05D90025C2E5 /* MixLabel.swift in Sources */ = {isa = PBXBuildFile; fileRef = A838FC471DDB05D90025C2E5 /* MixLabel.swift */; };
		A85B6CCD1D7D7DB100E43F59 /* AppDelegate.swift in Sources */ = {isa = PBXBuildFile; fileRef = A85B6CCC1D7D7DB100E43F59 /* AppDelegate.swift */; };
		A85B6CCF1D7D7DB100E43F59 /* ViewController.swift in Sources */ = {isa = PBXBuildFile; fileRef = A85B6CCE1D7D7DB100E43F59 /* ViewController.swift */; };
		A85B6CD41D7D7DB100E43F59 /* Assets.xcassets in Resources */ = {isa = PBXBuildFile; fileRef = A85B6CD31D7D7DB100E43F59 /* Assets.xcassets */; };
		A85B6CE01D7D875D00E43F59 /* ColorLET.swift in Sources */ = {isa = PBXBuildFile; fileRef = A85B6CDE1D7D875D00E43F59 /* ColorLET.swift */; };
		A85B6CE11D7D875D00E43F59 /* ToolLet.swift in Sources */ = {isa = PBXBuildFile; fileRef = A85B6CDF1D7D875D00E43F59 /* ToolLet.swift */; };
		A85B6CE81D7E604B00E43F59 /* SetupViewLET.swift in Sources */ = {isa = PBXBuildFile; fileRef = A85B6CE71D7E604B00E43F59 /* SetupViewLET.swift */; };
		A85B6CEE1D7E727400E43F59 /* CarListCell.swift in Sources */ = {isa = PBXBuildFile; fileRef = A85B6CED1D7E727400E43F59 /* CarListCell.swift */; };
		A86E83CD1DC378E000652EA7 /* NavigationController.swift in Sources */ = {isa = PBXBuildFile; fileRef = A86E83CC1DC378E000652EA7 /* NavigationController.swift */; };
		A88251B71DDC4EFF007AE69B /* SubmitUserCell.swift in Sources */ = {isa = PBXBuildFile; fileRef = A88251B61DDC4EFF007AE69B /* SubmitUserCell.swift */; };
		A8A1A1001DDEC37300CC662A /* OrderDetailVC.swift in Sources */ = {isa = PBXBuildFile; fileRef = A8A1A0FF1DDEC37300CC662A /* OrderDetailVC.swift */; };
		A8B7AA191D867B7400C02B95 /* SubmitVC.swift in Sources */ = {isa = PBXBuildFile; fileRef = A8B7AA181D867B7400C02B95 /* SubmitVC.swift */; };
		A8B7AA1B1D8694CD00C02B95 /* PromptVC.swift in Sources */ = {isa = PBXBuildFile; fileRef = A8B7AA1A1D8694CD00C02B95 /* PromptVC.swift */; };
		A8B7F4181DC72E5100896BD4 /* ServiceItemModel.swift in Sources */ = {isa = PBXBuildFile; fileRef = A8B7F4171DC72E5100896BD4 /* ServiceItemModel.swift */; };
		A8F9859D1DD04941006328A2 /* OrderListVC.swift in Sources */ = {isa = PBXBuildFile; fileRef = A8F9859C1DD04941006328A2 /* OrderListVC.swift */; };
		A8F9859F1DD0498E006328A2 /* OrderModel.swift in Sources */ = {isa = PBXBuildFile; fileRef = A8F9859E1DD0498E006328A2 /* OrderModel.swift */; };
/* End PBXBuildFile section */

/* Begin PBXFileReference section */
		1C338FA6DCE34C6BDD9DEF5E /* Pods_PremiumCar.framework */ = {isa = PBXFileReference; explicitFileType = wrapper.framework; includeInIndex = 0; path = Pods_PremiumCar.framework; sourceTree = BUILT_PRODUCTS_DIR; };
		25120B901DC08F26000F506F /* CarBrandsVC.swift */ = {isa = PBXFileReference; fileEncoding = 4; lastKnownFileType = sourcecode.swift; path = CarBrandsVC.swift; sourceTree = "<group>"; };
		254C6A661DBDDD5C00C0B80F /* LoginViewController.swift */ = {isa = PBXFileReference; fileEncoding = 4; lastKnownFileType = sourcecode.swift; path = LoginViewController.swift; sourceTree = "<group>"; };
		258C973A1DD5A26C0070D501 /* SuggestionVC.swift */ = {isa = PBXFileReference; fileEncoding = 4; lastKnownFileType = sourcecode.swift; path = SuggestionVC.swift; sourceTree = "<group>"; };
		258C973C1DDAE8880070D501 /* TZTabBarController.swift */ = {isa = PBXFileReference; fileEncoding = 4; lastKnownFileType = sourcecode.swift; path = TZTabBarController.swift; sourceTree = "<group>"; };
		258C973E1DDAE97A0070D501 /* NewsViewController.swift */ = {isa = PBXFileReference; fileEncoding = 4; lastKnownFileType = sourcecode.swift; path = NewsViewController.swift; sourceTree = "<group>"; };
		258C97401DDAEBA60070D501 /* MineViewController.swift */ = {isa = PBXFileReference; fileEncoding = 4; lastKnownFileType = sourcecode.swift; path = MineViewController.swift; sourceTree = "<group>"; };
		258C97421DDAEF520070D501 /* TZNavigationController.swift */ = {isa = PBXFileReference; fileEncoding = 4; lastKnownFileType = sourcecode.swift; path = TZNavigationController.swift; sourceTree = "<group>"; };
		258C97441DDC0A340070D501 /* ServiceViewController.swift */ = {isa = PBXFileReference; fileEncoding = 4; lastKnownFileType = sourcecode.swift; path = ServiceViewController.swift; sourceTree = "<group>"; };
		258C97461DDC3B360070D501 /* MyCarViewController.swift */ = {isa = PBXFileReference; fileEncoding = 4; lastKnownFileType = sourcecode.swift; path = MyCarViewController.swift; sourceTree = "<group>"; };
		2590CF481DBE14320039D62A /* RegisterVC.swift */ = {isa = PBXFileReference; fileEncoding = 4; lastKnownFileType = sourcecode.swift; path = RegisterVC.swift; sourceTree = "<group>"; };
		2590CF4B1DBF0BD80039D62A /* PremiumCar-Bridging-Header.h */ = {isa = PBXFileReference; lastKnownFileType = sourcecode.c.h; path = "PremiumCar-Bridging-Header.h"; sourceTree = "<group>"; };
		2590CF4F1DBF0C390039D62A /* TimeButton.h */ = {isa = PBXFileReference; fileEncoding = 4; lastKnownFileType = sourcecode.c.h; path = TimeButton.h; sourceTree = "<group>"; };
		2590CF501DBF0C390039D62A /* TimeButton.m */ = {isa = PBXFileReference; fileEncoding = 4; lastKnownFileType = sourcecode.c.objc; path = TimeButton.m; sourceTree = "<group>"; };
		2590CF521DBF0EE30039D62A /* NSString+dataFormat.h */ = {isa = PBXFileReference; lastKnownFileType = sourcecode.c.h; path = "NSString+dataFormat.h"; sourceTree = "<group>"; };
		2590CF551DBF59590039D62A /* PersonalInfoVC.swift */ = {isa = PBXFileReference; fileEncoding = 4; lastKnownFileType = sourcecode.swift; path = PersonalInfoVC.swift; sourceTree = "<group>"; };
		259486C21DC88E51008A405A /* CarModel.swift */ = {isa = PBXFileReference; fileEncoding = 4; lastKnownFileType = sourcecode.swift; path = CarModel.swift; sourceTree = "<group>"; };
		259960421DC737F70001444F /* CarTModel.swift */ = {isa = PBXFileReference; fileEncoding = 4; lastKnownFileType = sourcecode.swift; path = CarTModel.swift; sourceTree = "<group>"; };
		25BFB9721DC3278D0016150E /* TZNetworkTool.swift */ = {isa = PBXFileReference; fileEncoding = 4; lastKnownFileType = sourcecode.swift; path = TZNetworkTool.swift; sourceTree = "<group>"; };
		25BFB9741DC33ECF0016150E /* UserData.swift */ = {isa = PBXFileReference; fileEncoding = 4; lastKnownFileType = sourcecode.swift; path = UserData.swift; sourceTree = "<group>"; };
		25C5D9481DFA63540029C908 /* MapLocationViewController.swift */ = {isa = PBXFileReference; fileEncoding = 4; lastKnownFileType = sourcecode.swift; path = MapLocationViewController.swift; sourceTree = "<group>"; };
		69777EA4017E4417A64803C7 /* Pods-PremiumCar.debug.xcconfig */ = {isa = PBXFileReference; includeInIndex = 1; lastKnownFileType = text.xcconfig; name = "Pods-PremiumCar.debug.xcconfig"; path = "Pods/Target Support Files/Pods-PremiumCar/Pods-PremiumCar.debug.xcconfig"; sourceTree = "<group>"; };
		A838FC421DDAFBF50025C2E5 /* MyOrderCell.swift */ = {isa = PBXFileReference; fileEncoding = 4; lastKnownFileType = sourcecode.swift; path = MyOrderCell.swift; sourceTree = "<group>"; };
		A838FC471DDB05D90025C2E5 /* MixLabel.swift */ = {isa = PBXFileReference; fileEncoding = 4; lastKnownFileType = sourcecode.swift; path = MixLabel.swift; sourceTree = "<group>"; };
		A85B6CC91D7D7DB100E43F59 /* PremiumCar.app */ = {isa = PBXFileReference; explicitFileType = wrapper.application; includeInIndex = 0; path = PremiumCar.app; sourceTree = BUILT_PRODUCTS_DIR; };
		A85B6CCC1D7D7DB100E43F59 /* AppDelegate.swift */ = {isa = PBXFileReference; lastKnownFileType = sourcecode.swift; path = AppDelegate.swift; sourceTree = "<group>"; };
		A85B6CCE1D7D7DB100E43F59 /* ViewController.swift */ = {isa = PBXFileReference; lastKnownFileType = sourcecode.swift; path = ViewController.swift; sourceTree = "<group>"; };
		A85B6CD31D7D7DB100E43F59 /* Assets.xcassets */ = {isa = PBXFileReference; lastKnownFileType = folder.assetcatalog; path = Assets.xcassets; sourceTree = "<group>"; };
		A85B6CD81D7D7DB100E43F59 /* Info.plist */ = {isa = PBXFileReference; lastKnownFileType = text.plist.xml; path = Info.plist; sourceTree = "<group>"; };
		A85B6CDE1D7D875D00E43F59 /* ColorLET.swift */ = {isa = PBXFileReference; fileEncoding = 4; lastKnownFileType = sourcecode.swift; path = ColorLET.swift; sourceTree = "<group>"; };
		A85B6CDF1D7D875D00E43F59 /* ToolLet.swift */ = {isa = PBXFileReference; fileEncoding = 4; lastKnownFileType = sourcecode.swift; path = ToolLet.swift; sourceTree = "<group>"; };
		A85B6CE71D7E604B00E43F59 /* SetupViewLET.swift */ = {isa = PBXFileReference; fileEncoding = 4; lastKnownFileType = sourcecode.swift; path = SetupViewLET.swift; sourceTree = "<group>"; };
		A85B6CED1D7E727400E43F59 /* CarListCell.swift */ = {isa = PBXFileReference; fileEncoding = 4; lastKnownFileType = sourcecode.swift; path = CarListCell.swift; sourceTree = "<group>"; };
		A86E83CC1DC378E000652EA7 /* NavigationController.swift */ = {isa = PBXFileReference; fileEncoding = 4; lastKnownFileType = sourcecode.swift; path = NavigationController.swift; sourceTree = "<group>"; };
		A88251B61DDC4EFF007AE69B /* SubmitUserCell.swift */ = {isa = PBXFileReference; fileEncoding = 4; lastKnownFileType = sourcecode.swift; path = SubmitUserCell.swift; sourceTree = "<group>"; };
		A8A1A0FF1DDEC37300CC662A /* OrderDetailVC.swift */ = {isa = PBXFileReference; fileEncoding = 4; lastKnownFileType = sourcecode.swift; path = OrderDetailVC.swift; sourceTree = "<group>"; };
		A8B7AA181D867B7400C02B95 /* SubmitVC.swift */ = {isa = PBXFileReference; fileEncoding = 4; lastKnownFileType = sourcecode.swift; path = SubmitVC.swift; sourceTree = "<group>"; };
		A8B7AA1A1D8694CD00C02B95 /* PromptVC.swift */ = {isa = PBXFileReference; fileEncoding = 4; lastKnownFileType = sourcecode.swift; path = PromptVC.swift; sourceTree = "<group>"; };
		A8B7F4171DC72E5100896BD4 /* ServiceItemModel.swift */ = {isa = PBXFileReference; fileEncoding = 4; lastKnownFileType = sourcecode.swift; path = ServiceItemModel.swift; sourceTree = "<group>"; };
		A8F9859C1DD04941006328A2 /* OrderListVC.swift */ = {isa = PBXFileReference; fileEncoding = 4; lastKnownFileType = sourcecode.swift; path = OrderListVC.swift; sourceTree = "<group>"; };
		A8F9859E1DD0498E006328A2 /* OrderModel.swift */ = {isa = PBXFileReference; fileEncoding = 4; lastKnownFileType = sourcecode.swift; path = OrderModel.swift; sourceTree = "<group>"; };
		FF490FE603820E1C675D96EE /* Pods-PremiumCar.release.xcconfig */ = {isa = PBXFileReference; includeInIndex = 1; lastKnownFileType = text.xcconfig; name = "Pods-PremiumCar.release.xcconfig"; path = "Pods/Target Support Files/Pods-PremiumCar/Pods-PremiumCar.release.xcconfig"; sourceTree = "<group>"; };
/* End PBXFileReference section */

/* Begin PBXFrameworksBuildPhase section */
		A85B6CC61D7D7DB100E43F59 /* Frameworks */ = {
			isa = PBXFrameworksBuildPhase;
			buildActionMask = 2147483647;
			files = (
				0A97E7189C907127F4057D0D /* Pods_PremiumCar.framework in Frameworks */,
			);
			runOnlyForDeploymentPostprocessing = 0;
		};
/* End PBXFrameworksBuildPhase section */

/* Begin PBXGroup section */
		25A9C70B1DD1A722001D7170 /* ViewController */ = {
			isa = PBXGroup;
			children = (
				A85B6CCE1D7D7DB100E43F59 /* ViewController.swift */,
				254C6A661DBDDD5C00C0B80F /* LoginViewController.swift */,
				2590CF481DBE14320039D62A /* RegisterVC.swift */,
				2590CF551DBF59590039D62A /* PersonalInfoVC.swift */,
				25120B901DC08F26000F506F /* CarBrandsVC.swift */,
				258C97441DDC0A340070D501 /* ServiceViewController.swift */,
				A8B7AA181D867B7400C02B95 /* SubmitVC.swift */,
				A8B7AA1A1D8694CD00C02B95 /* PromptVC.swift */,
				A8F9859C1DD04941006328A2 /* OrderListVC.swift */,
				A8A1A0FF1DDEC37300CC662A /* OrderDetailVC.swift */,
				258C973A1DD5A26C0070D501 /* SuggestionVC.swift */,
				258C97461DDC3B360070D501 /* MyCarViewController.swift */,
				258C973E1DDAE97A0070D501 /* NewsViewController.swift */,
				258C97401DDAEBA60070D501 /* MineViewController.swift */,
				258C97421DDAEF520070D501 /* TZNavigationController.swift */,
				258C973C1DDAE8880070D501 /* TZTabBarController.swift */,
				25C5D9481DFA63540029C908 /* MapLocationViewController.swift */,
			);
			name = ViewController;
			sourceTree = "<group>";
		};
		25A9C70C1DD1A75B001D7170 /* Model */ = {
			isa = PBXGroup;
			children = (
				A8F9859E1DD0498E006328A2 /* OrderModel.swift */,
				259486C21DC88E51008A405A /* CarModel.swift */,
				A8B7F4171DC72E5100896BD4 /* ServiceItemModel.swift */,
				259960421DC737F70001444F /* CarTModel.swift */,
			);
			name = Model;
			sourceTree = "<group>";
		};
		25A9C70D1DD1A798001D7170 /* View */ = {
			isa = PBXGroup;
			children = (
				A85B6CED1D7E727400E43F59 /* CarListCell.swift */,
				A838FC421DDAFBF50025C2E5 /* MyOrderCell.swift */,
				A88251B61DDC4EFF007AE69B /* SubmitUserCell.swift */,
			);
			name = View;
			sourceTree = "<group>";
		};
		25A9C70E1DD1A7D7001D7170 /* Tool */ = {
			isa = PBXGroup;
			children = (
				A838FC471DDB05D90025C2E5 /* MixLabel.swift */,
				25BFB9741DC33ECF0016150E /* UserData.swift */,
				25BFB9721DC3278D0016150E /* TZNetworkTool.swift */,
				A85B6CDE1D7D875D00E43F59 /* ColorLET.swift */,
				A86E83CC1DC378E000652EA7 /* NavigationController.swift */,
				A85B6CE71D7E604B00E43F59 /* SetupViewLET.swift */,
				A85B6CDF1D7D875D00E43F59 /* ToolLet.swift */,
				2590CF4F1DBF0C390039D62A /* TimeButton.h */,
				2590CF501DBF0C390039D62A /* TimeButton.m */,
				2590CF521DBF0EE30039D62A /* NSString+dataFormat.h */,
				2590CF4B1DBF0BD80039D62A /* PremiumCar-Bridging-Header.h */,
			);
			name = Tool;
			sourceTree = "<group>";
		};
		45FE8486B993A67729DCB0B7 /* Frameworks */ = {
			isa = PBXGroup;
			children = (
				1C338FA6DCE34C6BDD9DEF5E /* Pods_PremiumCar.framework */,
			);
			name = Frameworks;
			sourceTree = "<group>";
		};
		7147BE028B5CDE08DD115B60 /* Pods */ = {
			isa = PBXGroup;
			children = (
				69777EA4017E4417A64803C7 /* Pods-PremiumCar.debug.xcconfig */,
				FF490FE603820E1C675D96EE /* Pods-PremiumCar.release.xcconfig */,
			);
			name = Pods;
			sourceTree = "<group>";
		};
		A85B6CC01D7D7DB100E43F59 = {
			isa = PBXGroup;
			children = (
				A85B6CCB1D7D7DB100E43F59 /* PremiumCar */,
				A85B6CCA1D7D7DB100E43F59 /* Products */,
				7147BE028B5CDE08DD115B60 /* Pods */,
				45FE8486B993A67729DCB0B7 /* Frameworks */,
			);
			sourceTree = "<group>";
		};
		A85B6CCA1D7D7DB100E43F59 /* Products */ = {
			isa = PBXGroup;
			children = (
				A85B6CC91D7D7DB100E43F59 /* PremiumCar.app */,
			);
			name = Products;
			sourceTree = "<group>";
		};
		A85B6CCB1D7D7DB100E43F59 /* PremiumCar */ = {
			isa = PBXGroup;
			children = (
				A85B6CCC1D7D7DB100E43F59 /* AppDelegate.swift */,
				25A9C70B1DD1A722001D7170 /* ViewController */,
				25A9C70D1DD1A798001D7170 /* View */,
				25A9C70C1DD1A75B001D7170 /* Model */,
				25A9C70E1DD1A7D7001D7170 /* Tool */,
				A85B6CD31D7D7DB100E43F59 /* Assets.xcassets */,
				A85B6CD81D7D7DB100E43F59 /* Info.plist */,
			);
			path = PremiumCar;
			sourceTree = "<group>";
		};
/* End PBXGroup section */

/* Begin PBXNativeTarget section */
		A85B6CC81D7D7DB100E43F59 /* PremiumCar */ = {
			isa = PBXNativeTarget;
			buildConfigurationList = A85B6CDB1D7D7DB100E43F59 /* Build configuration list for PBXNativeTarget "PremiumCar" */;
			buildPhases = (
				A771B9851916F48B9F8EB509 /* [CP] Check Pods Manifest.lock */,
				A85B6CC51D7D7DB100E43F59 /* Sources */,
				A85B6CC61D7D7DB100E43F59 /* Frameworks */,
				A85B6CC71D7D7DB100E43F59 /* Resources */,
				81B385200B349B939012C2A9 /* [CP] Embed Pods Frameworks */,
				41169F8E6DDD1E800B94D0E6 /* [CP] Copy Pods Resources */,
			);
			buildRules = (
			);
			dependencies = (
			);
			name = PremiumCar;
			productName = PremiumCar;
			productReference = A85B6CC91D7D7DB100E43F59 /* PremiumCar.app */;
			productType = "com.apple.product-type.application";
		};
/* End PBXNativeTarget section */

/* Begin PBXProject section */
		A85B6CC11D7D7DB100E43F59 /* Project object */ = {
			isa = PBXProject;
			attributes = {
				LastSwiftUpdateCheck = 0730;
				LastUpgradeCheck = 0730;
				ORGANIZATIONNAME = soda;
				TargetAttributes = {
					A85B6CC81D7D7DB100E43F59 = {
						CreatedOnToolsVersion = 7.3.1;
						LastSwiftMigration = 0800;
						ProvisioningStyle = Manual;
					};
				};
			};
			buildConfigurationList = A85B6CC41D7D7DB100E43F59 /* Build configuration list for PBXProject "PremiumCar" */;
			compatibilityVersion = "Xcode 3.2";
			developmentRegion = English;
			hasScannedForEncodings = 0;
			knownRegions = (
				en,
				Base,
			);
			mainGroup = A85B6CC01D7D7DB100E43F59;
			productRefGroup = A85B6CCA1D7D7DB100E43F59 /* Products */;
			projectDirPath = "";
			projectRoot = "";
			targets = (
				A85B6CC81D7D7DB100E43F59 /* PremiumCar */,
			);
		};
/* End PBXProject section */

/* Begin PBXResourcesBuildPhase section */
		A85B6CC71D7D7DB100E43F59 /* Resources */ = {
			isa = PBXResourcesBuildPhase;
			buildActionMask = 2147483647;
			files = (
				A85B6CD41D7D7DB100E43F59 /* Assets.xcassets in Resources */,
			);
			runOnlyForDeploymentPostprocessing = 0;
		};
/* End PBXResourcesBuildPhase section */

/* Begin PBXShellScriptBuildPhase section */
		41169F8E6DDD1E800B94D0E6 /* [CP] Copy Pods Resources */ = {
			isa = PBXShellScriptBuildPhase;
			buildActionMask = 2147483647;
			files = (
			);
			inputPaths = (
			);
			name = "[CP] Copy Pods Resources";
			outputPaths = (
			);
			runOnlyForDeploymentPostprocessing = 0;
			shellPath = /bin/sh;
			shellScript = "\"${SRCROOT}/Pods/Target Support Files/Pods-PremiumCar/Pods-PremiumCar-resources.sh\"\n";
			showEnvVarsInLog = 0;
		};
		81B385200B349B939012C2A9 /* [CP] Embed Pods Frameworks */ = {
			isa = PBXShellScriptBuildPhase;
			buildActionMask = 2147483647;
			files = (
			);
			inputPaths = (
			);
			name = "[CP] Embed Pods Frameworks";
			outputPaths = (
			);
			runOnlyForDeploymentPostprocessing = 0;
			shellPath = /bin/sh;
			shellScript = "\"${SRCROOT}/Pods/Target Support Files/Pods-PremiumCar/Pods-PremiumCar-frameworks.sh\"\n";
			showEnvVarsInLog = 0;
		};
		A771B9851916F48B9F8EB509 /* [CP] Check Pods Manifest.lock */ = {
			isa = PBXShellScriptBuildPhase;
			buildActionMask = 2147483647;
			files = (
			);
			inputPaths = (
			);
			name = "[CP] Check Pods Manifest.lock";
			outputPaths = (
			);
			runOnlyForDeploymentPostprocessing = 0;
			shellPath = /bin/sh;
			shellScript = "diff \"${PODS_ROOT}/../Podfile.lock\" \"${PODS_ROOT}/Manifest.lock\" > /dev/null\nif [ $? != 0 ] ; then\n    # print error to STDERR\n    echo \"error: The sandbox is not in sync with the Podfile.lock. Run 'pod install' or update your CocoaPods installation.\" >&2\n    exit 1\nfi\n";
			showEnvVarsInLog = 0;
		};
/* End PBXShellScriptBuildPhase section */

/* Begin PBXSourcesBuildPhase section */
		A85B6CC51D7D7DB100E43F59 /* Sources */ = {
			isa = PBXSourcesBuildPhase;
			buildActionMask = 2147483647;
			files = (
				A88251B71DDC4EFF007AE69B /* SubmitUserCell.swift in Sources */,
				25BFB9731DC3278D0016150E /* TZNetworkTool.swift in Sources */,
				A8B7AA191D867B7400C02B95 /* SubmitVC.swift in Sources */,
				A85B6CCF1D7D7DB100E43F59 /* ViewController.swift in Sources */,
				25C5D9491DFA63540029C908 /* MapLocationViewController.swift in Sources */,
				254C6A671DBDDD5C00C0B80F /* LoginViewController.swift in Sources */,
				258C973D1DDAE8880070D501 /* TZTabBarController.swift in Sources */,
				25120B911DC08F26000F506F /* CarBrandsVC.swift in Sources */,
				2590CF561DBF59590039D62A /* PersonalInfoVC.swift in Sources */,
				A8A1A1001DDEC37300CC662A /* OrderDetailVC.swift in Sources */,
				259486C31DC88E51008A405A /* CarModel.swift in Sources */,
				25BFB9751DC33ECF0016150E /* UserData.swift in Sources */,
				A838FC481DDB05D90025C2E5 /* MixLabel.swift in Sources */,
				258C97451DDC0A340070D501 /* ServiceViewController.swift in Sources */,
				A85B6CE01D7D875D00E43F59 /* ColorLET.swift in Sources */,
				A86E83CD1DC378E000652EA7 /* NavigationController.swift in Sources */,
				A85B6CE81D7E604B00E43F59 /* SetupViewLET.swift in Sources */,
				A838FC431DDAFBF50025C2E5 /* MyOrderCell.swift in Sources */,
				258C97431DDAEF520070D501 /* TZNavigationController.swift in Sources */,
				A8B7AA1B1D8694CD00C02B95 /* PromptVC.swift in Sources */,
				2590CF491DBE14320039D62A /* RegisterVC.swift in Sources */,
				259960431DC737F70001444F /* CarTModel.swift in Sources */,
				258C97471DDC3B360070D501 /* MyCarViewController.swift in Sources */,
				A8F9859F1DD0498E006328A2 /* OrderModel.swift in Sources */,
				258C973B1DD5A26C0070D501 /* SuggestionVC.swift in Sources */,
				2590CF511DBF0C390039D62A /* TimeButton.m in Sources */,
				A85B6CCD1D7D7DB100E43F59 /* AppDelegate.swift in Sources */,
				A85B6CEE1D7E727400E43F59 /* CarListCell.swift in Sources */,
				A8F9859D1DD04941006328A2 /* OrderListVC.swift in Sources */,
				258C973F1DDAE97A0070D501 /* NewsViewController.swift in Sources */,
				A85B6CE11D7D875D00E43F59 /* ToolLet.swift in Sources */,
				A8B7F4181DC72E5100896BD4 /* ServiceItemModel.swift in Sources */,
				258C97411DDAEBA60070D501 /* MineViewController.swift in Sources */,
			);
			runOnlyForDeploymentPostprocessing = 0;
		};
/* End PBXSourcesBuildPhase section */

/* Begin XCBuildConfiguration section */
		A85B6CD91D7D7DB100E43F59 /* Debug */ = {
			isa = XCBuildConfiguration;
			buildSettings = {
				ALWAYS_SEARCH_USER_PATHS = NO;
				CLANG_ANALYZER_NONNULL = YES;
				CLANG_CXX_LANGUAGE_STANDARD = "gnu++0x";
				CLANG_CXX_LIBRARY = "libc++";
				CLANG_ENABLE_MODULES = YES;
				CLANG_ENABLE_OBJC_ARC = YES;
				CLANG_WARN_BOOL_CONVERSION = YES;
				CLANG_WARN_CONSTANT_CONVERSION = YES;
				CLANG_WARN_DIRECT_OBJC_ISA_USAGE = YES_ERROR;
				CLANG_WARN_EMPTY_BODY = YES;
				CLANG_WARN_ENUM_CONVERSION = YES;
				CLANG_WARN_INT_CONVERSION = YES;
				CLANG_WARN_OBJC_ROOT_CLASS = YES_ERROR;
				CLANG_WARN_UNREACHABLE_CODE = YES;
				CLANG_WARN__DUPLICATE_METHOD_MATCH = YES;
				CODE_SIGN_IDENTITY = "iPhone Developer: Yuan Zhang (VV2N6DP929)";
				"CODE_SIGN_IDENTITY[sdk=iphoneos*]" = "iPhone Developer: Yuan Zhang (VV2N6DP929)";
				COPY_PHASE_STRIP = NO;
				DEBUG_INFORMATION_FORMAT = dwarf;
				ENABLE_STRICT_OBJC_MSGSEND = YES;
				ENABLE_TESTABILITY = YES;
				GCC_C_LANGUAGE_STANDARD = gnu99;
				GCC_DYNAMIC_NO_PIC = NO;
				GCC_NO_COMMON_BLOCKS = YES;
				GCC_OPTIMIZATION_LEVEL = 0;
				GCC_PREPROCESSOR_DEFINITIONS = (
					"DEBUG=1",
					"$(inherited)",
				);
				GCC_WARN_64_TO_32_BIT_CONVERSION = YES;
				GCC_WARN_ABOUT_RETURN_TYPE = YES_ERROR;
				GCC_WARN_UNDECLARED_SELECTOR = YES;
				GCC_WARN_UNINITIALIZED_AUTOS = YES_AGGRESSIVE;
				GCC_WARN_UNUSED_FUNCTION = YES;
				GCC_WARN_UNUSED_VARIABLE = YES;
				IPHONEOS_DEPLOYMENT_TARGET = 9.0;
				MTL_ENABLE_DEBUG_INFO = YES;
				ONLY_ACTIVE_ARCH = YES;
				PROVISIONING_PROFILE = "fc9c5335-f2a6-4ff5-b059-65be94951b5e";
				SDKROOT = iphoneos;
				SWIFT_OPTIMIZATION_LEVEL = "-Onone";
				SWIFT_VERSION = 3.0;
			};
			name = Debug;
		};
		A85B6CDA1D7D7DB100E43F59 /* Release */ = {
			isa = XCBuildConfiguration;
			buildSettings = {
				ALWAYS_SEARCH_USER_PATHS = NO;
				CLANG_ANALYZER_NONNULL = YES;
				CLANG_CXX_LANGUAGE_STANDARD = "gnu++0x";
				CLANG_CXX_LIBRARY = "libc++";
				CLANG_ENABLE_MODULES = YES;
				CLANG_ENABLE_OBJC_ARC = YES;
				CLANG_WARN_BOOL_CONVERSION = YES;
				CLANG_WARN_CONSTANT_CONVERSION = YES;
				CLANG_WARN_DIRECT_OBJC_ISA_USAGE = YES_ERROR;
				CLANG_WARN_EMPTY_BODY = YES;
				CLANG_WARN_ENUM_CONVERSION = YES;
				CLANG_WARN_INT_CONVERSION = YES;
				CLANG_WARN_OBJC_ROOT_CLASS = YES_ERROR;
				CLANG_WARN_UNREACHABLE_CODE = YES;
				CLANG_WARN__DUPLICATE_METHOD_MATCH = YES;
				CODE_SIGN_IDENTITY = "iPhone Developer: Yuan Zhang (VV2N6DP929)";
				"CODE_SIGN_IDENTITY[sdk=iphoneos*]" = "iPhone Developer: Yuan Zhang (VV2N6DP929)";
				COPY_PHASE_STRIP = NO;
				DEBUG_INFORMATION_FORMAT = "dwarf-with-dsym";
				ENABLE_NS_ASSERTIONS = NO;
				ENABLE_STRICT_OBJC_MSGSEND = YES;
				GCC_C_LANGUAGE_STANDARD = gnu99;
				GCC_NO_COMMON_BLOCKS = YES;
				GCC_WARN_64_TO_32_BIT_CONVERSION = YES;
				GCC_WARN_ABOUT_RETURN_TYPE = YES_ERROR;
				GCC_WARN_UNDECLARED_SELECTOR = YES;
				GCC_WARN_UNINITIALIZED_AUTOS = YES_AGGRESSIVE;
				GCC_WARN_UNUSED_FUNCTION = YES;
				GCC_WARN_UNUSED_VARIABLE = YES;
				IPHONEOS_DEPLOYMENT_TARGET = 9.0;
				MTL_ENABLE_DEBUG_INFO = NO;
				PROVISIONING_PROFILE = "fc9c5335-f2a6-4ff5-b059-65be94951b5e";
				SDKROOT = iphoneos;
				SWIFT_VERSION = 3.0;
				VALIDATE_PRODUCT = YES;
			};
			name = Release;
		};
		A85B6CDC1D7D7DB100E43F59 /* Debug */ = {
			isa = XCBuildConfiguration;
			baseConfigurationReference = 69777EA4017E4417A64803C7 /* Pods-PremiumCar.debug.xcconfig */;
			buildSettings = {
				ASSETCATALOG_COMPILER_APPICON_NAME = AppIcon;
				ASSETCATALOG_COMPILER_LAUNCHIMAGE_NAME = LaunchImage;
				CLANG_ENABLE_MODULES = YES;
				"CODE_SIGN_IDENTITY[sdk=iphoneos*]" = "iPhone Developer: Yuan Zhang (VV2N6DP929)";
				DEVELOPMENT_TEAM = "";
				ENABLE_BITCODE = NO;
				INFOPLIST_FILE = PremiumCar/Info.plist;
				IPHONEOS_DEPLOYMENT_TARGET = 9.0;
				LD_RUNPATH_SEARCH_PATHS = "$(inherited) @executable_path/Frameworks";
				PRODUCT_BUNDLE_IDENTIFIER = soda.PremiumCar;
				PRODUCT_NAME = "$(TARGET_NAME)";
				PROVISIONING_PROFILE = "fc9c5335-f2a6-4ff5-b059-65be94951b5e";
				PROVISIONING_PROFILE_SPECIFIER = PremiumCar;
				SWIFT_OBJC_BRIDGING_HEADER = "PremiumCar/PremiumCar-Bridging-Header.h";
				SWIFT_OPTIMIZATION_LEVEL = "-Onone";
				SWIFT_VERSION = 3.0;
			};
			name = Debug;
		};
		A85B6CDD1D7D7DB100E43F59 /* Release */ = {
			isa = XCBuildConfiguration;
			baseConfigurationReference = FF490FE603820E1C675D96EE /* Pods-PremiumCar.release.xcconfig */;
			buildSettings = {
				ASSETCATALOG_COMPILER_APPICON_NAME = AppIcon;
				ASSETCATALOG_COMPILER_LAUNCHIMAGE_NAME = LaunchImage;
				CLANG_ENABLE_MODULES = YES;
				"CODE_SIGN_IDENTITY[sdk=iphoneos*]" = "iPhone Developer: Yuan Zhang (VV2N6DP929)";
				DEVELOPMENT_TEAM = "";
				ENABLE_BITCODE = NO;
				INFOPLIST_FILE = PremiumCar/Info.plist;
				IPHONEOS_DEPLOYMENT_TARGET = 9.0;
				LD_RUNPATH_SEARCH_PATHS = "$(inherited) @executable_path/Frameworks";
				PRODUCT_BUNDLE_IDENTIFIER = soda.PremiumCar;
				PRODUCT_NAME = "$(TARGET_NAME)";
				PROVISIONING_PROFILE = "fc9c5335-f2a6-4ff5-b059-65be94951b5e";
				PROVISIONING_PROFILE_SPECIFIER = PremiumCar;
				SWIFT_OBJC_BRIDGING_HEADER = "PremiumCar/PremiumCar-Bridging-Header.h";
				SWIFT_VERSION = 3.0;
			};
			name = Release;
		};
/* End XCBuildConfiguration section */

/* Begin XCConfigurationList section */
		A85B6CC41D7D7DB100E43F59 /* Build configuration list for PBXProject "PremiumCar" */ = {
			isa = XCConfigurationList;
			buildConfigurations = (
				A85B6CD91D7D7DB100E43F59 /* Debug */,
				A85B6CDA1D7D7DB100E43F59 /* Release */,
			);
			defaultConfigurationIsVisible = 0;
			defaultConfigurationName = Release;
		};
		A85B6CDB1D7D7DB100E43F59 /* Build configuration list for PBXNativeTarget "PremiumCar" */ = {
			isa = XCConfigurationList;
			buildConfigurations = (
				A85B6CDC1D7D7DB100E43F59 /* Debug */,
				A85B6CDD1D7D7DB100E43F59 /* Release */,
			);
			defaultConfigurationIsVisible = 0;
			defaultConfigurationName = Release;
		};
/* End XCConfigurationList section */
	};
	rootObject = A85B6CC11D7D7DB100E43F59 /* Project object */;
}
